{
  "dependencies": {
    "express": {
      "version": "4.17.1"
    },
    "mongoose": {
      "version": "5.12.13"
    },
    "nodemon": {
      "version": "2.0.7"
    },
    "body-parser": {
      "version": "1.19.0"
    },
    "cors": {
      "version": "2.8.5"
    },
    "dotenv": {
      "version": "8.2.0"
    },
    "jsonwebtoken": {
      "version": "8.5.1"
    },
    "bcrypt": {
      "version": "5.0.0"
    },
    "uuid": {
      "version": "8.3.2"
    },
    "axios": {
      "version": "0.21.1"
    },
    "swagger-ui-express": {
      "version": "4.1.6"
    },
    "swagger-jsdoc": {
      "version": "4.0.0"
    },
    "winston": {
      "version": "3.3.3"
    },
    "morgan": {
      "version": "1.10.0"
    },
    "helmet": {
      "version": "4.6.0"
    },
    "rate-limit": {
      "version": "5.2.0"
    },
    "mongoose-paginate-v2": {
      "version": "1.3.17"
    },
    "mongoose-aggregate-paginate-v2": {
      "version": "1.3.17"
    },
    "mongoose-delete": {
      "version": "1.0.0"
    },
    "mongoose-update-if-exists": {
      "version": "1.0.0"
    },
    "mongoose-aggregate-nested": {
      "version": "1.0.0"
    },
    "mongoose-aggregate-paginate-v2": {
      "version": "1.3.17"
    },
    "mongoose-delete": {
      "version": "1.0.0"
    },
    "mongoose-update-if-exists": {
      "version": "1.0.0"
    },
    "mongoose-aggregate-nested": {
      "version": "1.0.0"
    },
    "mongoose-aggregate-paginate-v2": {
      "version": "1.3.17"
    },
    "mongoose-delete": {
      "version": "1.0.0"
    },
    "mongoose-update-if-exists": {
      "version": "1.0.0"
    },
    "mongoose-aggregate-nested": {
      "version": "1.0.0"
    }
  }
} 